
Microsoft Visual Studio Solution File, Format Version 12.00
# Visual Studio Version 16
VisualStudioVersion = 16.0.32002.261
MinimumVisualStudioVersion = 10.0.40219.1
Project("{9A19103F-16F7-4668-BE54-9A1E7A4F7556}") = "Bookstore", "Bookstore\Bookstore.csproj", "{5D58A681-2CA9-48B9-A132-98A6FFA4236C}"
EndProject
Global
	GlobalSection(SolutionConfigurationPlatforms) = preSolution
		Debug|Any CPU = Debug|Any CPU
		Release|Any CPU = Release|Any CPU
	EndGlobalSection
	GlobalSection(ProjectConfigurationPlatforms) = postSolution
		{5D58A681-2CA9-48B9-A132-98A6FFA4236C}.Debug|Any CPU.ActiveCfg = Debug|Any CPU
		{5D58A681-2CA9-48B9-A132-98A6FFA4236C}.Debug|Any CPU.Build.0 = Debug|Any CPU
		{5D58A681-2CA9-48B9-A132-98A6FFA4236C}.Release|Any CPU.ActiveCfg = Release|Any CPU
		{5D58A681-2CA9-48B9-A132-98A6FFA4236C}.Release|Any CPU.Build.0 = Release|Any CPU
	EndGlobalSection
	GlobalSection(SolutionProperties) = preSolution
		HideSolutionNode = FALSE
	EndGlobalSection
	GlobalSection(ExtensibilityGlobals) = postSolution
		SolutionGuid = {1263558F-466E-439E-A50D-1BAC469267AC}
	EndGlobalSection
EndGlobal
